
Microsoft Visual Studio Solution File, Format Version 12.00
# Visual Studio 2012
Project("{FAE04EC0-301F-11D3-BF4B-00C04F79EFBC}") = "FindingRito", "FindingRito\FindingRito.csproj", "{F1E0B487-91D8-45F3-9B3F-4C5A1B250513}"
EndProject
Project("{FAE04EC0-301F-11D3-BF4B-00C04F79EFBC}") = "FindingRito.iOS", "iOS\FindingRito.iOS.csproj", "{0E8FEF4D-8C35-464F-A83C-2DFEA6B4A93F}"
EndProject
Project("{FAE04EC0-301F-11D3-BF4B-00C04F79EFBC}") = "FindingRito.Droid", "Droid\FindingRito.Droid.csproj", "{3A793D1F-DFCB-479B-9B3E-75A7AE87C990}"
EndProject
Global
	GlobalSection(SolutionConfigurationPlatforms) = preSolution
		Debug|Any CPU = Debug|Any CPU
		Release|Any CPU = Release|Any CPU
		Debug|iPhoneSimulator = Debug|iPhoneSimulator
		Release|iPhone = Release|iPhone
		Release|iPhoneSimulator = Release|iPhoneSimulator
		Debug|iPhone = Debug|iPhone
	EndGlobalSection
	GlobalSection(ProjectConfigurationPlatforms) = postSolution
		{F1E0B487-91D8-45F3-9B3F-4C5A1B250513}.Debug|Any CPU.ActiveCfg = Debug|Any CPU
		{F1E0B487-91D8-45F3-9B3F-4C5A1B250513}.Debug|Any CPU.Build.0 = Debug|Any CPU
		{F1E0B487-91D8-45F3-9B3F-4C5A1B250513}.Release|Any CPU.ActiveCfg = Release|Any CPU
		{F1E0B487-91D8-45F3-9B3F-4C5A1B250513}.Release|Any CPU.Build.0 = Release|Any CPU
		{F1E0B487-91D8-45F3-9B3F-4C5A1B250513}.Debug|iPhoneSimulator.ActiveCfg = Debug|Any CPU
		{F1E0B487-91D8-45F3-9B3F-4C5A1B250513}.Debug|iPhoneSimulator.Build.0 = Debug|Any CPU
		{F1E0B487-91D8-45F3-9B3F-4C5A1B250513}.Release|iPhone.ActiveCfg = Release|Any CPU
		{F1E0B487-91D8-45F3-9B3F-4C5A1B250513}.Release|iPhone.Build.0 = Release|Any CPU
		{F1E0B487-91D8-45F3-9B3F-4C5A1B250513}.Release|iPhoneSimulator.ActiveCfg = Release|Any CPU
		{F1E0B487-91D8-45F3-9B3F-4C5A1B250513}.Release|iPhoneSimulator.Build.0 = Release|Any CPU
		{F1E0B487-91D8-45F3-9B3F-4C5A1B250513}.Debug|iPhone.ActiveCfg = Debug|Any CPU
		{F1E0B487-91D8-45F3-9B3F-4C5A1B250513}.Debug|iPhone.Build.0 = Debug|Any CPU
		{0E8FEF4D-8C35-464F-A83C-2DFEA6B4A93F}.Debug|Any CPU.ActiveCfg = Debug|iPhoneSimulator
		{0E8FEF4D-8C35-464F-A83C-2DFEA6B4A93F}.Debug|Any CPU.Build.0 = Debug|iPhoneSimulator
		{0E8FEF4D-8C35-464F-A83C-2DFEA6B4A93F}.Release|Any CPU.ActiveCfg = Release|iPhone
		{0E8FEF4D-8C35-464F-A83C-2DFEA6B4A93F}.Release|Any CPU.Build.0 = Release|iPhone
		{0E8FEF4D-8C35-464F-A83C-2DFEA6B4A93F}.Debug|iPhoneSimulator.ActiveCfg = Debug|iPhoneSimulator
		{0E8FEF4D-8C35-464F-A83C-2DFEA6B4A93F}.Debug|iPhoneSimulator.Build.0 = Debug|iPhoneSimulator
		{0E8FEF4D-8C35-464F-A83C-2DFEA6B4A93F}.Release|iPhone.ActiveCfg = Release|iPhone
		{0E8FEF4D-8C35-464F-A83C-2DFEA6B4A93F}.Release|iPhone.Build.0 = Release|iPhone
		{0E8FEF4D-8C35-464F-A83C-2DFEA6B4A93F}.Release|iPhoneSimulator.ActiveCfg = Release|iPhoneSimulator
		{0E8FEF4D-8C35-464F-A83C-2DFEA6B4A93F}.Release|iPhoneSimulator.Build.0 = Release|iPhoneSimulator
		{0E8FEF4D-8C35-464F-A83C-2DFEA6B4A93F}.Debug|iPhone.ActiveCfg = Debug|iPhone
		{0E8FEF4D-8C35-464F-A83C-2DFEA6B4A93F}.Debug|iPhone.Build.0 = Debug|iPhone
		{3A793D1F-DFCB-479B-9B3E-75A7AE87C990}.Debug|Any CPU.ActiveCfg = Debug|Any CPU
		{3A793D1F-DFCB-479B-9B3E-75A7AE87C990}.Debug|Any CPU.Build.0 = Debug|Any CPU
		{3A793D1F-DFCB-479B-9B3E-75A7AE87C990}.Release|Any CPU.ActiveCfg = Release|Any CPU
		{3A793D1F-DFCB-479B-9B3E-75A7AE87C990}.Release|Any CPU.Build.0 = Release|Any CPU
		{3A793D1F-DFCB-479B-9B3E-75A7AE87C990}.Debug|iPhoneSimulator.ActiveCfg = Debug|Any CPU
		{3A793D1F-DFCB-479B-9B3E-75A7AE87C990}.Debug|iPhoneSimulator.Build.0 = Debug|Any CPU
		{3A793D1F-DFCB-479B-9B3E-75A7AE87C990}.Release|iPhone.ActiveCfg = Release|Any CPU
		{3A793D1F-DFCB-479B-9B3E-75A7AE87C990}.Release|iPhone.Build.0 = Release|Any CPU
		{3A793D1F-DFCB-479B-9B3E-75A7AE87C990}.Release|iPhoneSimulator.ActiveCfg = Release|Any CPU
		{3A793D1F-DFCB-479B-9B3E-75A7AE87C990}.Release|iPhoneSimulator.Build.0 = Release|Any CPU
		{3A793D1F-DFCB-479B-9B3E-75A7AE87C990}.Debug|iPhone.ActiveCfg = Debug|Any CPU
		{3A793D1F-DFCB-479B-9B3E-75A7AE87C990}.Debug|iPhone.Build.0 = Debug|Any CPU
	EndGlobalSection
EndGlobal
